{
  "name": "esl-explorers",
  "lockfileVersion": 3,
  "requires": true,
  "packages": {
    "": {
      "name": "esl-explorers",
      "workspaces": [
        "packages/*"
      ]
    },
    "node_modules/landing-page": {
      "resolved": "packages/landing-page",
      "link": true
    },
    "packages/landing-page": {}
  }
}
